{
  "name": "tree-sitter-terraform",
  "version": "0.1.0",
  "lockfileVersion": 1,
  "requires": true,
  "dependencies": {
    "debug": {
      "version": "0.7.4",
      "resolved": "https://registry.npmjs.org/debug/-/debug-0.7.4.tgz",
      "integrity": "sha1-BuHqgILCyxTjmAbiLi9vdX+Srzk="
    },
    "fsmonitor": {
      "version": "0.2.4",
      "resolved": "https://registry.npmjs.org/fsmonitor/-/fsmonitor-0.2.4.tgz",
      "integrity": "sha1-z8xbyfle7wXrYZaQJAhxp7x+6CY=",
      "requires": {
        "debug": "~0.7.0",
        "pathspec": "~0.9.2"
      }
    },
    "nan": {
      "version": "2.14.2",
      "resolved": "https://registry.npmjs.org/nan/-/nan-2.14.2.tgz",
      "integrity": "sha512-M2ufzIiINKCuDfBSAUr1vWQ+vuVcA9kqx8JJUsbQi6yf1uGRyb7HfpdfUr5qLXf3B/t8dPvcjhKMmlfnP47EzQ=="
    },
    "pathspec": {
      "version": "0.9.2",
      "resolved": "https://registry.npmjs.org/pathspec/-/pathspec-0.9.2.tgz",
      "integrity": "sha1-ryMrBZr8+ZmQLN0k+MpgpBVqNjc="
    },
    "tree-sitter-cli": {
      "version": "0.17.3",
      "resolved": "https://registry.npmjs.org/tree-sitter-cli/-/tree-sitter-cli-0.17.3.tgz",
      "integrity": "sha512-AsQhjwRwWK5wtymwVc2H5E8/Q7yzMebSj7CQyeSg50k4h7m8HHwao1i/eKlh8aGTJ3IWbGjSwBAUZTSbzcSW6Q==",
      "dev": true
    }
  }
}
